
Microsoft Visual Studio Solution File, Format Version 12.00
# Visual Studio Version 16
VisualStudioVersion = 16.0.30413.136
MinimumVisualStudioVersion = 10.0.40219.1
Project("{2150E333-8FDC-42A3-9474-1A3956D46DE8}") = "Proejct1", "Proejct1", "{490CAA7E-6F7C-4A2C-8331-1B1EDDF52379}"
	ProjectSection(SolutionItems) = preProject
		BerryCafe\App.config = BerryCafe\App.config
		BerryCafe\BerryMenuUI.cs = BerryCafe\BerryMenuUI.cs
		BerryCafe\MenuItem.cs = BerryCafe\MenuItem.cs
		BerryCafe\MenuItemRepo.cs = BerryCafe\MenuItemRepo.cs
	EndProjectSection
EndProject
Project("{2150E333-8FDC-42A3-9474-1A3956D46DE8}") = "Project2", "Project2", "{3B4D7E27-26A9-4BF6-8EE0-7AAF3F1E57B7}"
EndProject
Project("{2150E333-8FDC-42A3-9474-1A3956D46DE8}") = "Project3", "Project3", "{4AAC0678-BBC1-46A4-96E7-A1CADC0E5EF6}"
EndProject
Project("{FAE04EC0-301F-11D3-BF4B-00C04F79EFBC}") = "GymLeaderBadgeEditor", "GymLeaderBadgeEditor\GymLeaderBadgeEditor.csproj", "{22234D58-4741-43EA-8F57-59221FB690B3}"
EndProject
Project("{FAE04EC0-301F-11D3-BF4B-00C04F79EFBC}") = "BerryCafe", "BerryCafe\BerryCafe.csproj", "{FA1C6805-6B31-4451-9AAB-A7D232E2ACE9}"
EndProject
Project("{FAE04EC0-301F-11D3-BF4B-00C04F79EFBC}") = "PokeInsurance", "PokeInsurance\PokeInsurance.csproj", "{E4BD5EEB-5C26-4DE0-AA0E-D455512E4A72}"
EndProject
Project("{FAE04EC0-301F-11D3-BF4B-00C04F79EFBC}") = "BerryCafeTests", "Tests\BerryCafeTests.csproj", "{0C2A0C15-8346-4079-A224-EE5F03F93124}"
EndProject
Global
	GlobalSection(SolutionConfigurationPlatforms) = preSolution
		Debug|Any CPU = Debug|Any CPU
		Release|Any CPU = Release|Any CPU
	EndGlobalSection
	GlobalSection(ProjectConfigurationPlatforms) = postSolution
		{22234D58-4741-43EA-8F57-59221FB690B3}.Debug|Any CPU.ActiveCfg = Debug|Any CPU
		{22234D58-4741-43EA-8F57-59221FB690B3}.Debug|Any CPU.Build.0 = Debug|Any CPU
		{22234D58-4741-43EA-8F57-59221FB690B3}.Release|Any CPU.ActiveCfg = Release|Any CPU
		{22234D58-4741-43EA-8F57-59221FB690B3}.Release|Any CPU.Build.0 = Release|Any CPU
		{FA1C6805-6B31-4451-9AAB-A7D232E2ACE9}.Debug|Any CPU.ActiveCfg = Debug|Any CPU
		{FA1C6805-6B31-4451-9AAB-A7D232E2ACE9}.Debug|Any CPU.Build.0 = Debug|Any CPU
		{FA1C6805-6B31-4451-9AAB-A7D232E2ACE9}.Release|Any CPU.ActiveCfg = Release|Any CPU
		{FA1C6805-6B31-4451-9AAB-A7D232E2ACE9}.Release|Any CPU.Build.0 = Release|Any CPU
		{E4BD5EEB-5C26-4DE0-AA0E-D455512E4A72}.Debug|Any CPU.ActiveCfg = Debug|Any CPU
		{E4BD5EEB-5C26-4DE0-AA0E-D455512E4A72}.Debug|Any CPU.Build.0 = Debug|Any CPU
		{E4BD5EEB-5C26-4DE0-AA0E-D455512E4A72}.Release|Any CPU.ActiveCfg = Release|Any CPU
		{E4BD5EEB-5C26-4DE0-AA0E-D455512E4A72}.Release|Any CPU.Build.0 = Release|Any CPU
		{0C2A0C15-8346-4079-A224-EE5F03F93124}.Debug|Any CPU.ActiveCfg = Debug|Any CPU
		{0C2A0C15-8346-4079-A224-EE5F03F93124}.Debug|Any CPU.Build.0 = Debug|Any CPU
		{0C2A0C15-8346-4079-A224-EE5F03F93124}.Release|Any CPU.ActiveCfg = Release|Any CPU
		{0C2A0C15-8346-4079-A224-EE5F03F93124}.Release|Any CPU.Build.0 = Release|Any CPU
	EndGlobalSection
	GlobalSection(SolutionProperties) = preSolution
		HideSolutionNode = FALSE
	EndGlobalSection
	GlobalSection(NestedProjects) = preSolution
		{22234D58-4741-43EA-8F57-59221FB690B3} = {4AAC0678-BBC1-46A4-96E7-A1CADC0E5EF6}
		{FA1C6805-6B31-4451-9AAB-A7D232E2ACE9} = {490CAA7E-6F7C-4A2C-8331-1B1EDDF52379}
		{E4BD5EEB-5C26-4DE0-AA0E-D455512E4A72} = {3B4D7E27-26A9-4BF6-8EE0-7AAF3F1E57B7}
		{0C2A0C15-8346-4079-A224-EE5F03F93124} = {490CAA7E-6F7C-4A2C-8331-1B1EDDF52379}
	EndGlobalSection
	GlobalSection(ExtensibilityGlobals) = postSolution
		SolutionGuid = {AC2CB8C3-C83E-4B63-8D9F-84D836CC8B07}
	EndGlobalSection
EndGlobal
